
Microsoft Visual Studio Solution File, Format Version 12.00
# Visual Studio 2017
Project("{FAE04EC0-301F-11D3-BF4B-00C04F79EFBC}") = "Unity Flask", "Unity Flask.csproj", "{287AB891-CAFF-9888-9B58-F1C10667B6EC}"
EndProject
Project("{FAE04EC0-301F-11D3-BF4B-00C04F79EFBC}") = "Unity.PackageManagerUI.Editor", "Unity.PackageManagerUI.Editor.csproj", "{6877705C-FBD9-0C4F-5AFB-6FB431E5D39D}"
EndProject
Project("{FAE04EC0-301F-11D3-BF4B-00C04F79EFBC}") = "Unity Flask.Editor", "Unity Flask.Editor.csproj", "{00BB22D8-A11A-294F-7E73-24630591F737}"
EndProject
Project("{FAE04EC0-301F-11D3-BF4B-00C04F79EFBC}") = "UnityEditor.StandardEvents", "UnityEditor.StandardEvents.csproj", "{6800202F-4402-D405-F8CB-03DC7BD78B92}"
EndProject
Global
	GlobalSection(SolutionConfigurationPlatforms) = preSolution
		Debug|Any CPU = Debug|Any CPU
		Release|Any CPU = Release|Any CPU
	EndGlobalSection
	GlobalSection(ProjectConfigurationPlatforms) = postSolution
		{287AB891-CAFF-9888-9B58-F1C10667B6EC}.Debug|Any CPU.ActiveCfg = Debug|Any CPU
		{287AB891-CAFF-9888-9B58-F1C10667B6EC}.Debug|Any CPU.Build.0 = Debug|Any CPU
		{287AB891-CAFF-9888-9B58-F1C10667B6EC}.Release|Any CPU.ActiveCfg = Release|Any CPU
		{287AB891-CAFF-9888-9B58-F1C10667B6EC}.Release|Any CPU.Build.0 = Release|Any CPU
		{6877705C-FBD9-0C4F-5AFB-6FB431E5D39D}.Debug|Any CPU.ActiveCfg = Debug|Any CPU
		{6877705C-FBD9-0C4F-5AFB-6FB431E5D39D}.Debug|Any CPU.Build.0 = Debug|Any CPU
		{6877705C-FBD9-0C4F-5AFB-6FB431E5D39D}.Release|Any CPU.ActiveCfg = Release|Any CPU
		{6877705C-FBD9-0C4F-5AFB-6FB431E5D39D}.Release|Any CPU.Build.0 = Release|Any CPU
		{00BB22D8-A11A-294F-7E73-24630591F737}.Debug|Any CPU.ActiveCfg = Debug|Any CPU
		{00BB22D8-A11A-294F-7E73-24630591F737}.Debug|Any CPU.Build.0 = Debug|Any CPU
		{00BB22D8-A11A-294F-7E73-24630591F737}.Release|Any CPU.ActiveCfg = Release|Any CPU
		{00BB22D8-A11A-294F-7E73-24630591F737}.Release|Any CPU.Build.0 = Release|Any CPU
		{6800202F-4402-D405-F8CB-03DC7BD78B92}.Debug|Any CPU.ActiveCfg = Debug|Any CPU
		{6800202F-4402-D405-F8CB-03DC7BD78B92}.Debug|Any CPU.Build.0 = Debug|Any CPU
		{6800202F-4402-D405-F8CB-03DC7BD78B92}.Release|Any CPU.ActiveCfg = Release|Any CPU
		{6800202F-4402-D405-F8CB-03DC7BD78B92}.Release|Any CPU.Build.0 = Release|Any CPU
	EndGlobalSection
	GlobalSection(SolutionProperties) = preSolution
		HideSolutionNode = FALSE
	EndGlobalSection
EndGlobal
